// !$*UTF8*$!
{
	archiveVersion = 1;
	classes = {
	};
	objectVersion = 45;
	objects = {

/* Begin PBXAggregateTarget section */
		BFF811BC10526A99003B72D3 /* Disk Image */ = {
			isa = PBXAggregateTarget;
			buildConfigurationList = BFF811C010526A9B003B72D3 /* Build configuration list for PBXAggregateTarget "Disk Image" */;
			buildPhases = (
				BFF811BB10526A99003B72D3 /* CopyFiles */,
				BFF8120F10527553003B72D3 /* Copy Helper Files */,
				BF7B9B4811418E60009113E1 /* Make DMG */,
			);
			dependencies = (
				BFF81261105297EE003B72D3 /* PBXTargetDependency */,
			);
			name = "Disk Image";
			productName = "Disk Image";
		};
/* End PBXAggregateTarget section */

/* Begin PBXBuildFile section */
		224339580A6F05F3000348D4 /* WebKit.framework in Frameworks */ = {isa = PBXBuildFile; fileRef = 224339570A6F05F3000348D4 /* WebKit.framework */; };
		8D1AC96B0486D14A00FE50C9 /* UCFlashlessView.m in Sources */ = {isa = PBXBuildFile; fileRef = 0259C576FE90428111CA0C5A /* UCFlashlessView.m */; settings = {ATTRIBUTES = (); }; };
		8D1AC9700486D14A00FE50C9 /* Cocoa.framework in Frameworks */ = {isa = PBXBuildFile; fileRef = DD92D38A0106425D02CA0E72 /* Cocoa.framework */; };
		8D1AC9800486D23B00FE50C9 /* InfoPlist.strings in Resources */ = {isa = PBXBuildFile; fileRef = 8D1AC97F0486D23B00FE50C9 /* InfoPlist.strings */; };
		BF29F99A1173DBA200A23C0B /* PluginView+DOM.m in Sources */ = {isa = PBXBuildFile; fileRef = D0BDCC9110354D3800866394 /* PluginView+DOM.m */; };
		BF344CE70FF13D0D003F125D /* main.m in Sources */ = {isa = PBXBuildFile; fileRef = BF344CE20FF13D0D003F125D /* main.m */; };
		BF344CEA0FF13D0D003F125D /* UCFlashTester.m in Sources */ = {isa = PBXBuildFile; fileRef = BF344CE60FF13D0D003F125D /* UCFlashTester.m */; };
		BF344D100FF14026003F125D /* Cocoa.framework in Frameworks */ = {isa = PBXBuildFile; fileRef = DD92D38A0106425D02CA0E72 /* Cocoa.framework */; };
		BF344D110FF14027003F125D /* WebKit.framework in Frameworks */ = {isa = PBXBuildFile; fileRef = 224339570A6F05F3000348D4 /* WebKit.framework */; };
		BF344D1B0FF14093003F125D /* UCFlashlessView.m in Sources */ = {isa = PBXBuildFile; fileRef = 0259C576FE90428111CA0C5A /* UCFlashlessView.m */; };
		BF344D360FF141FB003F125D /* MainMenu.xib in Resources */ = {isa = PBXBuildFile; fileRef = BF344D350FF141FB003F125D /* MainMenu.xib */; };
		BF344D420FF14255003F125D /* Localizable.strings in Resources */ = {isa = PBXBuildFile; fileRef = BF344D410FF14255003F125D /* Localizable.strings */; };
		BF344D430FF14255003F125D /* Localizable.strings in Resources */ = {isa = PBXBuildFile; fileRef = BF344D410FF14255003F125D /* Localizable.strings */; };
		BF6C8EB410B58A6F00FB5B4F /* UCSpinView.m in Sources */ = {isa = PBXBuildFile; fileRef = BF6C8EB310B58A6F00FB5B4F /* UCSpinView.m */; };
		BF6C8EB510B58A6F00FB5B4F /* UCSpinView.m in Sources */ = {isa = PBXBuildFile; fileRef = BF6C8EB310B58A6F00FB5B4F /* UCSpinView.m */; };
		BF73BD9F10506821003D2309 /* UCVideoServiceYoutube.m in Sources */ = {isa = PBXBuildFile; fileRef = BF73BD9E10506821003D2309 /* UCVideoServiceYoutube.m */; };
		BF73BDA010506821003D2309 /* UCVideoServiceYoutube.m in Sources */ = {isa = PBXBuildFile; fileRef = BF73BD9E10506821003D2309 /* UCVideoServiceYoutube.m */; };
		BF73BE001050727D003D2309 /* UCVideoServiceXtube.m in Sources */ = {isa = PBXBuildFile; fileRef = BF73BDFF1050727D003D2309 /* UCVideoServiceXtube.m */; };
		BF73BE011050727D003D2309 /* UCVideoServiceXtube.m in Sources */ = {isa = PBXBuildFile; fileRef = BF73BDFF1050727D003D2309 /* UCVideoServiceXtube.m */; };
		BF73BE2310507597003D2309 /* UCVideoServiceVimeo.m in Sources */ = {isa = PBXBuildFile; fileRef = BF73BE2210507597003D2309 /* UCVideoServiceVimeo.m */; };
		BF73BE2410507597003D2309 /* UCVideoServiceVimeo.m in Sources */ = {isa = PBXBuildFile; fileRef = BF73BE2210507597003D2309 /* UCVideoServiceVimeo.m */; };
		BF73BE491050797D003D2309 /* UCVideoServiceViddler.m in Sources */ = {isa = PBXBuildFile; fileRef = BF73BE481050797D003D2309 /* UCVideoServiceViddler.m */; };
		BF73BE4A1050797D003D2309 /* UCVideoServiceViddler.m in Sources */ = {isa = PBXBuildFile; fileRef = BF73BE481050797D003D2309 /* UCVideoServiceViddler.m */; };
		BF73BE5D10507AF7003D2309 /* UCVideoServiceBliptv.m in Sources */ = {isa = PBXBuildFile; fileRef = BF73BE5C10507AF7003D2309 /* UCVideoServiceBliptv.m */; };
		BF73BE5E10507AF7003D2309 /* UCVideoServiceBliptv.m in Sources */ = {isa = PBXBuildFile; fileRef = BF73BE5C10507AF7003D2309 /* UCVideoServiceBliptv.m */; };
		BF73BE6910507BBB003D2309 /* UCVideoServiceUstream.m in Sources */ = {isa = PBXBuildFile; fileRef = BF73BE6810507BBB003D2309 /* UCVideoServiceUstream.m */; };
		BF73BE6A10507BBB003D2309 /* UCVideoServiceUstream.m in Sources */ = {isa = PBXBuildFile; fileRef = BF73BE6810507BBB003D2309 /* UCVideoServiceUstream.m */; };
		BF73BE7710507C5A003D2309 /* UCVideoServiceFlickr.m in Sources */ = {isa = PBXBuildFile; fileRef = BF73BE7410507C5A003D2309 /* UCVideoServiceFlickr.m */; };
		BF73BE7810507C5A003D2309 /* UCVideoServiceGoogle.m in Sources */ = {isa = PBXBuildFile; fileRef = BF73BE7610507C5A003D2309 /* UCVideoServiceGoogle.m */; };
		BF73BE7910507C5A003D2309 /* UCVideoServiceFlickr.m in Sources */ = {isa = PBXBuildFile; fileRef = BF73BE7410507C5A003D2309 /* UCVideoServiceFlickr.m */; };
		BF73BE7A10507C5A003D2309 /* UCVideoServiceGoogle.m in Sources */ = {isa = PBXBuildFile; fileRef = BF73BE7610507C5A003D2309 /* UCVideoServiceGoogle.m */; };
		BF75974512874FAD00977779 /* UCVideoServiceTumblr.m in Sources */ = {isa = PBXBuildFile; fileRef = BF75974412874FAD00977779 /* UCVideoServiceTumblr.m */; };
		BF75974612874FAD00977779 /* UCVideoServiceTumblr.m in Sources */ = {isa = PBXBuildFile; fileRef = BF75974412874FAD00977779 /* UCVideoServiceTumblr.m */; };
		BFA4CA1F1170CA32005E22A8 /* PluginView+DOM.m in Sources */ = {isa = PBXBuildFile; fileRef = D0BDCC9110354D3800866394 /* PluginView+DOM.m */; };
		BFC883BC1057C509002F1A9C /* UCVideoServiceTwitvid.m in Sources */ = {isa = PBXBuildFile; fileRef = BFC883BA1057C509002F1A9C /* UCVideoServiceTwitvid.m */; };
		BFC883BD1057C509002F1A9C /* UCVideoServiceTwitvid.m in Sources */ = {isa = PBXBuildFile; fileRef = BFC883BA1057C509002F1A9C /* UCVideoServiceTwitvid.m */; };
		BFD376F510C4352D005EBCC8 /* UCRedirectedVideoService.m in Sources */ = {isa = PBXBuildFile; fileRef = BFD376F410C4352D005EBCC8 /* UCRedirectedVideoService.m */; };
		BFD376F610C4352D005EBCC8 /* UCRedirectedVideoService.m in Sources */ = {isa = PBXBuildFile; fileRef = BFD376F410C4352D005EBCC8 /* UCRedirectedVideoService.m */; };
		BFE965A0104FCD5D00432F88 /* Logo.png in Resources */ = {isa = PBXBuildFile; fileRef = BFE9659F104FCD5D00432F88 /* Logo.png */; };
		BFE965A1104FCD5D00432F88 /* Logo.png in Resources */ = {isa = PBXBuildFile; fileRef = BFE9659F104FCD5D00432F88 /* Logo.png */; };
		BFF811D010526B49003B72D3 /* background.png in Copy Helper Files */ = {isa = PBXBuildFile; fileRef = BFF811CF10526B49003B72D3 /* background.png */; };
		BFF811F510527334003B72D3 /* Flashless.webplugin in CopyFiles */ = {isa = PBXBuildFile; fileRef = 8D1AC9740486D14A00FE50C9 /* Flashless.webplugin */; };
		BFF811F8105273C0003B72D3 /* Readme.pdf in CopyFiles */ = {isa = PBXBuildFile; fileRef = BFF811F7105273C0003B72D3 /* Readme.pdf */; };
		D03EDEE7102B0B19001AD28D /* UCBlackwhitelist.m in Sources */ = {isa = PBXBuildFile; fileRef = D03EDEE6102B0B19001AD28D /* UCBlackwhitelist.m */; };
		D03EDEE8102B0B19001AD28D /* UCBlackwhitelist.m in Sources */ = {isa = PBXBuildFile; fileRef = D03EDEE6102B0B19001AD28D /* UCBlackwhitelist.m */; };
		D096D10F1028946100A47EE6 /* UCVideoService.m in Sources */ = {isa = PBXBuildFile; fileRef = D096D10E1028946100A47EE6 /* UCVideoService.m */; };
		D096D1101028946100A47EE6 /* UCVideoService.m in Sources */ = {isa = PBXBuildFile; fileRef = D096D10E1028946100A47EE6 /* UCVideoService.m */; };
		D0BDCD4310355D2000866394 /* LICENSE in Resources */ = {isa = PBXBuildFile; fileRef = D0BDCD4210355D2000866394 /* LICENSE */; };
		D0BDCD4410355D2000866394 /* LICENSE in Resources */ = {isa = PBXBuildFile; fileRef = D0BDCD4210355D2000866394 /* LICENSE */; };
/* End PBXBuildFile section */

/* Begin PBXContainerItemProxy section */
		BFF81260105297EE003B72D3 /* PBXContainerItemProxy */ = {
			isa = PBXContainerItemProxy;
			containerPortal = 0259C573FE90428111CA0C5A /* Project object */;
			proxyType = 1;
			remoteGlobalIDString = 8D1AC9600486D14A00FE50C9;
			remoteInfo = Flashless;
		};
/* End PBXContainerItemProxy section */

/* Begin PBXCopyFilesBuildPhase section */
		BFF811BB10526A99003B72D3 /* CopyFiles */ = {
			isa = PBXCopyFilesBuildPhase;
			buildActionMask = 12;
			dstPath = $DERIVED_FILES_DIR/dmg;
			dstSubfolderSpec = 0;
			files = (
				BFF811F510527334003B72D3 /* Flashless.webplugin in CopyFiles */,
				BFF811F8105273C0003B72D3 /* Readme.pdf in CopyFiles */,
			);
			runOnlyForDeploymentPostprocessing = 0;
		};
		BFF8120F10527553003B72D3 /* Copy Helper Files */ = {
			isa = PBXCopyFilesBuildPhase;
			buildActionMask = 2147483647;
			dstPath = $DERIVED_FILES_DIR/dmg/.helper;
			dstSubfolderSpec = 0;
			files = (
				BFF811D010526B49003B72D3 /* background.png in Copy Helper Files */,
			);
			name = "Copy Helper Files";
			runOnlyForDeploymentPostprocessing = 0;
		};
/* End PBXCopyFilesBuildPhase section */

/* Begin PBXFileReference section */
		0259C576FE90428111CA0C5A /* UCFlashlessView.m */ = {isa = PBXFileReference; fileEncoding = 30; lastKnownFileType = sourcecode.c.objc; name = UCFlashlessView.m; path = Plugin/UCFlashlessView.m; sourceTree = "<group>"; };
		0259C57AFE90428111CA0C5A /* UCFlashlessView.h */ = {isa = PBXFileReference; fileEncoding = 30; lastKnownFileType = sourcecode.c.h; name = UCFlashlessView.h; path = Plugin/UCFlashlessView.h; sourceTree = "<group>"; };
		224339570A6F05F3000348D4 /* WebKit.framework */ = {isa = PBXFileReference; lastKnownFileType = wrapper.framework; name = WebKit.framework; path = /System/Library/Frameworks/WebKit.framework; sourceTree = "<absolute>"; };
		32DBCF980370C29C00C91783 /* Flashless_Prefix.pch */ = {isa = PBXFileReference; fileEncoding = 4; lastKnownFileType = sourcecode.c.h; name = Flashless_Prefix.pch; path = Plugin/Flashless_Prefix.pch; sourceTree = "<group>"; };
		8D1AC9730486D14A00FE50C9 /* Info.plist */ = {isa = PBXFileReference; fileEncoding = 4; lastKnownFileType = text.plist.xml; name = Info.plist; path = Plugin/Info.plist; sourceTree = "<group>"; };
		8D1AC9740486D14A00FE50C9 /* Flashless.webplugin */ = {isa = PBXFileReference; explicitFileType = wrapper.cfbundle; includeInIndex = 0; path = Flashless.webplugin; sourceTree = BUILT_PRODUCTS_DIR; };
		8D1AC97B0486D23100FE50C9 /* English */ = {isa = PBXFileReference; fileEncoding = 10; lastKnownFileType = text.plist.strings; name = English; path = English.lproj/InfoPlist.strings; sourceTree = "<group>"; };
		BF344CD10FF13C24003F125D /* FlashTest.app */ = {isa = PBXFileReference; explicitFileType = wrapper.application; includeInIndex = 0; path = FlashTest.app; sourceTree = BUILT_PRODUCTS_DIR; };
		BF344CD30FF13C24003F125D /* FlashTest-Info.plist */ = {isa = PBXFileReference; lastKnownFileType = text.plist.xml; name = "FlashTest-Info.plist"; path = "TestApp/FlashTest-Info.plist"; sourceTree = "<group>"; };
		BF344CE20FF13D0D003F125D /* main.m */ = {isa = PBXFileReference; fileEncoding = 4; lastKnownFileType = sourcecode.c.objc; name = main.m; path = TestApp/main.m; sourceTree = "<group>"; };
		BF344CE30FF13D0D003F125D /* English */ = {isa = PBXFileReference; fileEncoding = 10; lastKnownFileType = text.plist.strings; name = English; path = English.lproj/Localizable.strings; sourceTree = "<group>"; };
		BF344CE40FF13D0D003F125D /* UCFlashTester.h */ = {isa = PBXFileReference; fileEncoding = 4; lastKnownFileType = sourcecode.c.h; name = UCFlashTester.h; path = TestApp/UCFlashTester.h; sourceTree = "<group>"; };
		BF344CE50FF13D0D003F125D /* English */ = {isa = PBXFileReference; lastKnownFileType = file.xib; name = English; path = English.lproj/MainMenu.xib; sourceTree = "<group>"; };
		BF344CE60FF13D0D003F125D /* UCFlashTester.m */ = {isa = PBXFileReference; fileEncoding = 4; lastKnownFileType = sourcecode.c.objc; name = UCFlashTester.m; path = TestApp/UCFlashTester.m; sourceTree = "<group>"; };
		BF344D440FF14261003F125D /* German */ = {isa = PBXFileReference; fileEncoding = 10; lastKnownFileType = text.plist.strings; name = German; path = German.lproj/Localizable.strings; sourceTree = "<group>"; };
		BF344D450FF14269003F125D /* German */ = {isa = PBXFileReference; fileEncoding = 10; lastKnownFileType = text.plist.strings; name = German; path = German.lproj/InfoPlist.strings; sourceTree = "<group>"; };
		BF6C8EB210B58A6F00FB5B4F /* UCSpinView.h */ = {isa = PBXFileReference; fileEncoding = 4; lastKnownFileType = sourcecode.c.h; name = UCSpinView.h; path = Plugin/UCSpinView.h; sourceTree = "<group>"; };
		BF6C8EB310B58A6F00FB5B4F /* UCSpinView.m */ = {isa = PBXFileReference; fileEncoding = 4; lastKnownFileType = sourcecode.c.objc; name = UCSpinView.m; path = Plugin/UCSpinView.m; sourceTree = "<group>"; };
		BF73BD9D10506821003D2309 /* UCVideoServiceYoutube.h */ = {isa = PBXFileReference; fileEncoding = 4; lastKnownFileType = sourcecode.c.h; path = UCVideoServiceYoutube.h; sourceTree = "<group>"; };
		BF73BD9E10506821003D2309 /* UCVideoServiceYoutube.m */ = {isa = PBXFileReference; fileEncoding = 4; lastKnownFileType = sourcecode.c.objc; path = UCVideoServiceYoutube.m; sourceTree = "<group>"; };
		BF73BDFE1050727D003D2309 /* UCVideoServiceXtube.h */ = {isa = PBXFileReference; fileEncoding = 4; lastKnownFileType = sourcecode.c.h; path = UCVideoServiceXtube.h; sourceTree = "<group>"; };
		BF73BDFF1050727D003D2309 /* UCVideoServiceXtube.m */ = {isa = PBXFileReference; fileEncoding = 4; lastKnownFileType = sourcecode.c.objc; path = UCVideoServiceXtube.m; sourceTree = "<group>"; };
		BF73BE2110507597003D2309 /* UCVideoServiceVimeo.h */ = {isa = PBXFileReference; fileEncoding = 4; lastKnownFileType = sourcecode.c.h; path = UCVideoServiceVimeo.h; sourceTree = "<group>"; };
		BF73BE2210507597003D2309 /* UCVideoServiceVimeo.m */ = {isa = PBXFileReference; fileEncoding = 4; lastKnownFileType = sourcecode.c.objc; path = UCVideoServiceVimeo.m; sourceTree = "<group>"; };
		BF73BE471050797D003D2309 /* UCVideoServiceViddler.h */ = {isa = PBXFileReference; fileEncoding = 4; lastKnownFileType = sourcecode.c.h; path = UCVideoServiceViddler.h; sourceTree = "<group>"; };
		BF73BE481050797D003D2309 /* UCVideoServiceViddler.m */ = {isa = PBXFileReference; fileEncoding = 4; lastKnownFileType = sourcecode.c.objc; path = UCVideoServiceViddler.m; sourceTree = "<group>"; };
		BF73BE5B10507AF7003D2309 /* UCVideoServiceBliptv.h */ = {isa = PBXFileReference; fileEncoding = 4; lastKnownFileType = sourcecode.c.h; path = UCVideoServiceBliptv.h; sourceTree = "<group>"; };
		BF73BE5C10507AF7003D2309 /* UCVideoServiceBliptv.m */ = {isa = PBXFileReference; fileEncoding = 4; lastKnownFileType = sourcecode.c.objc; path = UCVideoServiceBliptv.m; sourceTree = "<group>"; };
		BF73BE6710507BBB003D2309 /* UCVideoServiceUstream.h */ = {isa = PBXFileReference; fileEncoding = 4; lastKnownFileType = sourcecode.c.h; path = UCVideoServiceUstream.h; sourceTree = "<group>"; };
		BF73BE6810507BBB003D2309 /* UCVideoServiceUstream.m */ = {isa = PBXFileReference; fileEncoding = 4; lastKnownFileType = sourcecode.c.objc; path = UCVideoServiceUstream.m; sourceTree = "<group>"; };
		BF73BE7310507C5A003D2309 /* UCVideoServiceFlickr.h */ = {isa = PBXFileReference; fileEncoding = 4; lastKnownFileType = sourcecode.c.h; path = UCVideoServiceFlickr.h; sourceTree = "<group>"; };
		BF73BE7410507C5A003D2309 /* UCVideoServiceFlickr.m */ = {isa = PBXFileReference; fileEncoding = 4; lastKnownFileType = sourcecode.c.objc; path = UCVideoServiceFlickr.m; sourceTree = "<group>"; };
		BF73BE7510507C5A003D2309 /* UCVideoServiceGoogle.h */ = {isa = PBXFileReference; fileEncoding = 4; lastKnownFileType = sourcecode.c.h; path = UCVideoServiceGoogle.h; sourceTree = "<group>"; };
		BF73BE7610507C5A003D2309 /* UCVideoServiceGoogle.m */ = {isa = PBXFileReference; fileEncoding = 4; lastKnownFileType = sourcecode.c.objc; path = UCVideoServiceGoogle.m; sourceTree = "<group>"; };
		BF75974312874FAD00977779 /* UCVideoServiceTumblr.h */ = {isa = PBXFileReference; fileEncoding = 4; lastKnownFileType = sourcecode.c.h; path = UCVideoServiceTumblr.h; sourceTree = "<group>"; };
		BF75974412874FAD00977779 /* UCVideoServiceTumblr.m */ = {isa = PBXFileReference; fileEncoding = 4; lastKnownFileType = sourcecode.c.objc; path = UCVideoServiceTumblr.m; sourceTree = "<group>"; };
		BFA4CA2F1170CA61005E22A8 /* PluginView+DOM.h */ = {isa = PBXFileReference; fileEncoding = 4; lastKnownFileType = sourcecode.c.h; name = "PluginView+DOM.h"; path = "Plugin/PluginView+DOM.h"; sourceTree = "<group>"; };
		BFC883BA1057C509002F1A9C /* UCVideoServiceTwitvid.m */ = {isa = PBXFileReference; fileEncoding = 4; lastKnownFileType = sourcecode.c.objc; path = UCVideoServiceTwitvid.m; sourceTree = "<group>"; };
		BFC883BB1057C509002F1A9C /* UCVideoServiceTwitvid.h */ = {isa = PBXFileReference; fileEncoding = 4; lastKnownFileType = sourcecode.c.h; path = UCVideoServiceTwitvid.h; sourceTree = "<group>"; };
		BFD376F310C4352D005EBCC8 /* UCRedirectedVideoService.h */ = {isa = PBXFileReference; fileEncoding = 4; lastKnownFileType = sourcecode.c.h; path = UCRedirectedVideoService.h; sourceTree = "<group>"; };
		BFD376F410C4352D005EBCC8 /* UCRedirectedVideoService.m */ = {isa = PBXFileReference; fileEncoding = 4; lastKnownFileType = sourcecode.c.objc; path = UCRedirectedVideoService.m; sourceTree = "<group>"; };
		BFE9659F104FCD5D00432F88 /* Logo.png */ = {isa = PBXFileReference; lastKnownFileType = image.png; path = Logo.png; sourceTree = "<group>"; };
		BFF811CF10526B49003B72D3 /* background.png */ = {isa = PBXFileReference; lastKnownFileType = image.png; name = background.png; path = Product/background.png; sourceTree = "<group>"; };
		BFF811F7105273C0003B72D3 /* Readme.pdf */ = {isa = PBXFileReference; lastKnownFileType = image.pdf; name = Readme.pdf; path = Product/Readme.pdf; sourceTree = "<group>"; };
		D03EDEE5102B0B19001AD28D /* UCBlackwhitelist.h */ = {isa = PBXFileReference; fileEncoding = 4; lastKnownFileType = sourcecode.c.h; name = UCBlackwhitelist.h; path = Plugin/UCBlackwhitelist.h; sourceTree = "<group>"; };
		D03EDEE6102B0B19001AD28D /* UCBlackwhitelist.m */ = {isa = PBXFileReference; fileEncoding = 4; lastKnownFileType = sourcecode.c.objc; name = UCBlackwhitelist.m; path = Plugin/UCBlackwhitelist.m; sourceTree = "<group>"; };
		D096D10D1028946100A47EE6 /* UCVideoService.h */ = {isa = PBXFileReference; fileEncoding = 4; lastKnownFileType = sourcecode.c.h; path = UCVideoService.h; sourceTree = "<group>"; };
		D096D10E1028946100A47EE6 /* UCVideoService.m */ = {isa = PBXFileReference; fileEncoding = 4; lastKnownFileType = sourcecode.c.objc; path = UCVideoService.m; sourceTree = "<group>"; };
		D0BDCC9110354D3800866394 /* PluginView+DOM.m */ = {isa = PBXFileReference; fileEncoding = 4; lastKnownFileType = sourcecode.c.objc; name = "PluginView+DOM.m"; path = "Plugin/PluginView+DOM.m"; sourceTree = "<group>"; };
		D0BDCD4210355D2000866394 /* LICENSE */ = {isa = PBXFileReference; fileEncoding = 4; lastKnownFileType = text; path = LICENSE; sourceTree = "<group>"; };
		DD92D38A0106425D02CA0E72 /* Cocoa.framework */ = {isa = PBXFileReference; lastKnownFileType = wrapper.framework; name = Cocoa.framework; path = /System/Library/Frameworks/Cocoa.framework; sourceTree = "<absolute>"; };
/* End PBXFileReference section */

/* Begin PBXFrameworksBuildPhase section */
		8D1AC96E0486D14A00FE50C9 /* Frameworks */ = {
			isa = PBXFrameworksBuildPhase;
			buildActionMask = 2147483647;
			files = (
				8D1AC9700486D14A00FE50C9 /* Cocoa.framework in Frameworks */,
				224339580A6F05F3000348D4 /* WebKit.framework in Frameworks */,
			);
			runOnlyForDeploymentPostprocessing = 0;
		};
		BF344CCF0FF13C24003F125D /* Frameworks */ = {
			isa = PBXFrameworksBuildPhase;
			buildActionMask = 2147483647;
			files = (
				BF344D100FF14026003F125D /* Cocoa.framework in Frameworks */,
				BF344D110FF14027003F125D /* WebKit.framework in Frameworks */,
			);
			runOnlyForDeploymentPostprocessing = 0;
		};
/* End PBXFrameworksBuildPhase section */

/* Begin PBXGroup section */
		0259C574FE90428111CA0C5A /* Flashless */ = {
			isa = PBXGroup;
			children = (
				32DBCF9E0370C38000C91783 /* Classes */,
				32DBCF9F0370C38200C91783 /* Other Sources */,
				0259C582FE90428111CA0C5A /* Resources */,
				1ED78706FE9D4A0611CA0C5A /* Products */,
				2E58F364FFB232C311CA0CBA /* Frameworks */,
			);
			name = Flashless;
			sourceTree = "<group>";
		};
		0259C582FE90428111CA0C5A /* Resources */ = {
			isa = PBXGroup;
			children = (
				BFF811F7105273C0003B72D3 /* Readme.pdf */,
				BFF811CF10526B49003B72D3 /* background.png */,
				BFE9659F104FCD5D00432F88 /* Logo.png */,
				D0BDCD4210355D2000866394 /* LICENSE */,
				BF344D410FF14255003F125D /* Localizable.strings */,
				BF344D350FF141FB003F125D /* MainMenu.xib */,
				BF344CD30FF13C24003F125D /* FlashTest-Info.plist */,
				8D1AC9730486D14A00FE50C9 /* Info.plist */,
				8D1AC97F0486D23B00FE50C9 /* InfoPlist.strings */,
			);
			name = Resources;
			sourceTree = "<group>";
		};
		1ED78706FE9D4A0611CA0C5A /* Products */ = {
			isa = PBXGroup;
			children = (
				8D1AC9740486D14A00FE50C9 /* Flashless.webplugin */,
				BF344CD10FF13C24003F125D /* FlashTest.app */,
			);
			name = Products;
			sourceTree = "<group>";
		};
		2E58F364FFB232C311CA0CBA /* Frameworks */ = {
			isa = PBXGroup;
			children = (
				DD92D38A0106425D02CA0E72 /* Cocoa.framework */,
				224339570A6F05F3000348D4 /* WebKit.framework */,
			);
			name = Frameworks;
			sourceTree = "<group>";
		};
		32DBCF9E0370C38000C91783 /* Classes */ = {
			isa = PBXGroup;
			children = (
				BF6C8EB210B58A6F00FB5B4F /* UCSpinView.h */,
				BF6C8EB310B58A6F00FB5B4F /* UCSpinView.m */,
				BF73BCC5105053E4003D2309 /* Services */,
				BFA4CA2F1170CA61005E22A8 /* PluginView+DOM.h */,
				D0BDCC9110354D3800866394 /* PluginView+DOM.m */,
				D03EDEE5102B0B19001AD28D /* UCBlackwhitelist.h */,
				D03EDEE6102B0B19001AD28D /* UCBlackwhitelist.m */,
				BF344CE40FF13D0D003F125D /* UCFlashTester.h */,
				BF344CE60FF13D0D003F125D /* UCFlashTester.m */,
				0259C57AFE90428111CA0C5A /* UCFlashlessView.h */,
				0259C576FE90428111CA0C5A /* UCFlashlessView.m */,
			);
			name = Classes;
			sourceTree = "<group>";
		};
		32DBCF9F0370C38200C91783 /* Other Sources */ = {
			isa = PBXGroup;
			children = (
				BF344CE20FF13D0D003F125D /* main.m */,
				32DBCF980370C29C00C91783 /* Flashless_Prefix.pch */,
			);
			name = "Other Sources";
			sourceTree = "<group>";
		};
		BF73BCC5105053E4003D2309 /* Services */ = {
			isa = PBXGroup;
			children = (
				D096D10D1028946100A47EE6 /* UCVideoService.h */,
				D096D10E1028946100A47EE6 /* UCVideoService.m */,
				BFD376F310C4352D005EBCC8 /* UCRedirectedVideoService.h */,
				BFD376F410C4352D005EBCC8 /* UCRedirectedVideoService.m */,
				BF73BE5B10507AF7003D2309 /* UCVideoServiceBliptv.h */,
				BF73BE5C10507AF7003D2309 /* UCVideoServiceBliptv.m */,
				BF73BE7310507C5A003D2309 /* UCVideoServiceFlickr.h */,
				BF73BE7410507C5A003D2309 /* UCVideoServiceFlickr.m */,
				BF73BE7510507C5A003D2309 /* UCVideoServiceGoogle.h */,
				BF73BE7610507C5A003D2309 /* UCVideoServiceGoogle.m */,
				BF75974312874FAD00977779 /* UCVideoServiceTumblr.h */,
				BF75974412874FAD00977779 /* UCVideoServiceTumblr.m */,
				BFC883BB1057C509002F1A9C /* UCVideoServiceTwitvid.h */,
				BFC883BA1057C509002F1A9C /* UCVideoServiceTwitvid.m */,
				BF73BE6710507BBB003D2309 /* UCVideoServiceUstream.h */,
				BF73BE6810507BBB003D2309 /* UCVideoServiceUstream.m */,
				BF73BE471050797D003D2309 /* UCVideoServiceViddler.h */,
				BF73BE481050797D003D2309 /* UCVideoServiceViddler.m */,
				BF73BE2110507597003D2309 /* UCVideoServiceVimeo.h */,
				BF73BE2210507597003D2309 /* UCVideoServiceVimeo.m */,
				BF73BDFE1050727D003D2309 /* UCVideoServiceXtube.h */,
				BF73BDFF1050727D003D2309 /* UCVideoServiceXtube.m */,
				BF73BD9D10506821003D2309 /* UCVideoServiceYoutube.h */,
				BF73BD9E10506821003D2309 /* UCVideoServiceYoutube.m */,
			);
			name = Services;
			path = Plugin/Services;
			sourceTree = "<group>";
		};
/* End PBXGroup section */

/* Begin PBXNativeTarget section */
		8D1AC9600486D14A00FE50C9 /* Flashless */ = {
			isa = PBXNativeTarget;
			buildConfigurationList = C027D11908A954E7001699E2 /* Build configuration list for PBXNativeTarget "Flashless" */;
			buildPhases = (
				8D1AC9660486D14A00FE50C9 /* Resources */,
				8D1AC96A0486D14A00FE50C9 /* Sources */,
				8D1AC96E0486D14A00FE50C9 /* Frameworks */,
			);
			buildRules = (
			);
			dependencies = (
			);
			name = Flashless;
			productInstallPath = "$(HOME)/Developer/Palettes";
			productName = Flashless;
			productReference = 8D1AC9740486D14A00FE50C9 /* Flashless.webplugin */;
			productType = "com.apple.product-type.bundle";
		};
		BF344CD00FF13C24003F125D /* FlashTest */ = {
			isa = PBXNativeTarget;
			buildConfigurationList = BF344CD60FF13C26003F125D /* Build configuration list for PBXNativeTarget "FlashTest" */;
			buildPhases = (
				BF344CCD0FF13C24003F125D /* Resources */,
				BF344CCE0FF13C24003F125D /* Sources */,
				BF344CCF0FF13C24003F125D /* Frameworks */,
			);
			buildRules = (
			);
			dependencies = (
			);
			name = FlashTest;
			productName = FlashTest;
			productReference = BF344CD10FF13C24003F125D /* FlashTest.app */;
			productType = "com.apple.product-type.application";
		};
/* End PBXNativeTarget section */

/* Begin PBXProject section */
		0259C573FE90428111CA0C5A /* Project object */ = {
			isa = PBXProject;
			attributes = {
				ORGANIZATIONNAME = "Useless Coding";
			};
			buildConfigurationList = C027D11D08A954E7001699E2 /* Build configuration list for PBXProject "Flashless" */;
			compatibilityVersion = "Xcode 3.1";
			developmentRegion = English;
			hasScannedForEncodings = 1;
			knownRegions = (
				English,
				Japanese,
				French,
				German,
			);
			mainGroup = 0259C574FE90428111CA0C5A /* Flashless */;
			projectDirPath = "";
			projectRoot = "";
			targets = (
				8D1AC9600486D14A00FE50C9 /* Flashless */,
				BF344CD00FF13C24003F125D /* FlashTest */,
				BFF811BC10526A99003B72D3 /* Disk Image */,
			);
		};
/* End PBXProject section */

/* Begin PBXResourcesBuildPhase section */
		8D1AC9660486D14A00FE50C9 /* Resources */ = {
			isa = PBXResourcesBuildPhase;
			buildActionMask = 2147483647;
			files = (
				8D1AC9800486D23B00FE50C9 /* InfoPlist.strings in Resources */,
				BF344D420FF14255003F125D /* Localizable.strings in Resources */,
				D0BDCD4410355D2000866394 /* LICENSE in Resources */,
				BFE965A1104FCD5D00432F88 /* Logo.png in Resources */,
			);
			runOnlyForDeploymentPostprocessing = 0;
		};
		BF344CCD0FF13C24003F125D /* Resources */ = {
			isa = PBXResourcesBuildPhase;
			buildActionMask = 2147483647;
			files = (
				BF344D430FF14255003F125D /* Localizable.strings in Resources */,
				BF344D360FF141FB003F125D /* MainMenu.xib in Resources */,
				D0BDCD4310355D2000866394 /* LICENSE in Resources */,
				BFE965A0104FCD5D00432F88 /* Logo.png in Resources */,
			);
			runOnlyForDeploymentPostprocessing = 0;
		};
/* End PBXResourcesBuildPhase section */

/* Begin PBXShellScriptBuildPhase section */
		BF7B9B4811418E60009113E1 /* Make DMG */ = {
			isa = PBXShellScriptBuildPhase;
			buildActionMask = 2147483647;
			files = (
			);
			inputPaths = (
			);
			name = "Make DMG";
			outputPaths = (
			);
			runOnlyForDeploymentPostprocessing = 0;
			shellPath = /bin/sh;
			shellScript = "if [ -f $PROJECT_DIR/Product/UC/DMG.sh ]; then\n/bin/sh -c $PROJECT_DIR/Product/UC/DMG.sh\nfi\n";
			showEnvVarsInLog = 0;
		};
/* End PBXShellScriptBuildPhase section */

/* Begin PBXSourcesBuildPhase section */
		8D1AC96A0486D14A00FE50C9 /* Sources */ = {
			isa = PBXSourcesBuildPhase;
			buildActionMask = 2147483647;
			files = (
				8D1AC96B0486D14A00FE50C9 /* UCFlashlessView.m in Sources */,
				D096D10F1028946100A47EE6 /* UCVideoService.m in Sources */,
				D03EDEE8102B0B19001AD28D /* UCBlackwhitelist.m in Sources */,
				BF73BDA010506821003D2309 /* UCVideoServiceYoutube.m in Sources */,
				BF73BE011050727D003D2309 /* UCVideoServiceXtube.m in Sources */,
				BF73BE2410507597003D2309 /* UCVideoServiceVimeo.m in Sources */,
				BF73BE4A1050797D003D2309 /* UCVideoServiceViddler.m in Sources */,
				BF73BE5E10507AF7003D2309 /* UCVideoServiceBliptv.m in Sources */,
				BF73BE6A10507BBB003D2309 /* UCVideoServiceUstream.m in Sources */,
				BF73BE7910507C5A003D2309 /* UCVideoServiceFlickr.m in Sources */,
				BF73BE7A10507C5A003D2309 /* UCVideoServiceGoogle.m in Sources */,
				BFC883BD1057C509002F1A9C /* UCVideoServiceTwitvid.m in Sources */,
				BF6C8EB510B58A6F00FB5B4F /* UCSpinView.m in Sources */,
				BFD376F610C4352D005EBCC8 /* UCRedirectedVideoService.m in Sources */,
				BFA4CA1F1170CA32005E22A8 /* PluginView+DOM.m in Sources */,
				BF75974612874FAD00977779 /* UCVideoServiceTumblr.m in Sources */,
			);
			runOnlyForDeploymentPostprocessing = 0;
		};
		BF344CCE0FF13C24003F125D /* Sources */ = {
			isa = PBXSourcesBuildPhase;
			buildActionMask = 2147483647;
			files = (
				BF344CE70FF13D0D003F125D /* main.m in Sources */,
				BF344CEA0FF13D0D003F125D /* UCFlashTester.m in Sources */,
				BF344D1B0FF14093003F125D /* UCFlashlessView.m in Sources */,
				D096D1101028946100A47EE6 /* UCVideoService.m in Sources */,
				D03EDEE7102B0B19001AD28D /* UCBlackwhitelist.m in Sources */,
				BF73BD9F10506821003D2309 /* UCVideoServiceYoutube.m in Sources */,
				BF73BE001050727D003D2309 /* UCVideoServiceXtube.m in Sources */,
				BF73BE2310507597003D2309 /* UCVideoServiceVimeo.m in Sources */,
				BF73BE491050797D003D2309 /* UCVideoServiceViddler.m in Sources */,
				BF73BE5D10507AF7003D2309 /* UCVideoServiceBliptv.m in Sources */,
				BF73BE6910507BBB003D2309 /* UCVideoServiceUstream.m in Sources */,
				BF73BE7710507C5A003D2309 /* UCVideoServiceFlickr.m in Sources */,
				BF73BE7810507C5A003D2309 /* UCVideoServiceGoogle.m in Sources */,
				BFC883BC1057C509002F1A9C /* UCVideoServiceTwitvid.m in Sources */,
				BF6C8EB410B58A6F00FB5B4F /* UCSpinView.m in Sources */,
				BFD376F510C4352D005EBCC8 /* UCRedirectedVideoService.m in Sources */,
				BF29F99A1173DBA200A23C0B /* PluginView+DOM.m in Sources */,
				BF75974512874FAD00977779 /* UCVideoServiceTumblr.m in Sources */,
			);
			runOnlyForDeploymentPostprocessing = 0;
		};
/* End PBXSourcesBuildPhase section */

/* Begin PBXTargetDependency section */
		BFF81261105297EE003B72D3 /* PBXTargetDependency */ = {
			isa = PBXTargetDependency;
			target = 8D1AC9600486D14A00FE50C9 /* Flashless */;
			targetProxy = BFF81260105297EE003B72D3 /* PBXContainerItemProxy */;
		};
/* End PBXTargetDependency section */

/* Begin PBXVariantGroup section */
		8D1AC97F0486D23B00FE50C9 /* InfoPlist.strings */ = {
			isa = PBXVariantGroup;
			children = (
				8D1AC97B0486D23100FE50C9 /* English */,
				BF344D450FF14269003F125D /* German */,
			);
			name = InfoPlist.strings;
			path = Plugin;
			sourceTree = "<group>";
		};
		BF344D350FF141FB003F125D /* MainMenu.xib */ = {
			isa = PBXVariantGroup;
			children = (
				BF344CE50FF13D0D003F125D /* English */,
			);
			name = MainMenu.xib;
			path = TestApp;
			sourceTree = "<group>";
		};
		BF344D410FF14255003F125D /* Localizable.strings */ = {
			isa = PBXVariantGroup;
			children = (
				BF344CE30FF13D0D003F125D /* English */,
				BF344D440FF14261003F125D /* German */,
			);
			name = Localizable.strings;
			path = Plugin;
			sourceTree = "<group>";
		};
/* End PBXVariantGroup section */

/* Begin XCBuildConfiguration section */
		BF344CD40FF13C25003F125D /* Debug */ = {
			isa = XCBuildConfiguration;
			buildSettings = {
				ALWAYS_SEARCH_USER_PATHS = NO;
				ARCHS = "$(ARCHS_STANDARD_32_64_BIT)";
				COPY_PHASE_STRIP = NO;
				GCC_DYNAMIC_NO_PIC = NO;
				GCC_ENABLE_FIX_AND_CONTINUE = YES;
				GCC_MODEL_TUNING = G5;
				GCC_OPTIMIZATION_LEVEL = 0;
				GCC_PRECOMPILE_PREFIX_HEADER = YES;
				GCC_PREFIX_HEADER = "$(SYSTEM_LIBRARY_DIR)/Frameworks/AppKit.framework/Headers/AppKit.h";
				GCC_PREPROCESSOR_DEFINITIONS_NOT_USED_IN_PRECOMPS = TESTAPP;
				INFOPLIST_FILE = "TestApp/FlashTest-Info.plist";
				INSTALL_PATH = "$(HOME)/Applications";
				OTHER_LDFLAGS = (
					"-framework",
					Foundation,
					"-framework",
					AppKit,
				);
				PREBINDING = NO;
				PRODUCT_NAME = FlashTest;
				WRAPPER_EXTENSION = app;
			};
			name = Debug;
		};
		BF344CD50FF13C25003F125D /* Release */ = {
			isa = XCBuildConfiguration;
			buildSettings = {
				ALWAYS_SEARCH_USER_PATHS = NO;
				ARCHS = "$(ARCHS_STANDARD_32_64_BIT)";
				COPY_PHASE_STRIP = YES;
				DEBUG_INFORMATION_FORMAT = "dwarf-with-dsym";
				GCC_ENABLE_FIX_AND_CONTINUE = NO;
				GCC_MODEL_TUNING = G5;
				GCC_PRECOMPILE_PREFIX_HEADER = YES;
				GCC_PREFIX_HEADER = "$(SYSTEM_LIBRARY_DIR)/Frameworks/AppKit.framework/Headers/AppKit.h";
				GCC_PREPROCESSOR_DEFINITIONS_NOT_USED_IN_PRECOMPS = TESTAPP;
				INFOPLIST_FILE = "TestApp/FlashTest-Info.plist";
				INSTALL_PATH = "$(HOME)/Applications";
				OTHER_LDFLAGS = (
					"-framework",
					Foundation,
					"-framework",
					AppKit,
				);
				PREBINDING = NO;
				PRODUCT_NAME = FlashTest;
				WRAPPER_EXTENSION = app;
				ZERO_LINK = NO;
			};
			name = Release;
		};
		BFF811BE10526A9B003B72D3 /* Debug */ = {
			isa = XCBuildConfiguration;
			buildSettings = {
				COPY_PHASE_STRIP = NO;
				GCC_DYNAMIC_NO_PIC = NO;
				GCC_OPTIMIZATION_LEVEL = 0;
				INSTALL_PATH = "/Library/Internet Plug-Ins";
				README = Readme.pdf;
				TARGET_NAME = "Internet Plug-Ins";
			};
			name = Debug;
		};
		BFF811BF10526A9B003B72D3 /* Release */ = {
			isa = XCBuildConfiguration;
			buildSettings = {
				COPY_PHASE_STRIP = YES;
				DEBUG_INFORMATION_FORMAT = "dwarf-with-dsym";
				GCC_ENABLE_FIX_AND_CONTINUE = NO;
				INSTALL_PATH = "/Library/Internet Plug-Ins";
				README = Readme.pdf;
				TARGET_NAME = "Internet Plug-Ins";
			};
			name = Release;
		};
		C027D11A08A954E7001699E2 /* Debug */ = {
			isa = XCBuildConfiguration;
			buildSettings = {
				ARCHS = "$(ARCHS_STANDARD_32_64_BIT)";
				COPY_PHASE_STRIP = NO;
				GCC_ENABLE_FIX_AND_CONTINUE = YES;
				GCC_OPTIMIZATION_LEVEL = 0;
				GCC_PREFIX_HEADER = Plugin/Flashless_Prefix.pch;
				GCC_PREPROCESSOR_DEFINITIONS_NOT_USED_IN_PRECOMPS = PLUGIN_DEBUG;
				INFOPLIST_FILE = Plugin/Info.plist;
				PRODUCT_VERSION = 2.0.7;
			};
			name = Debug;
		};
		C027D11B08A954E7001699E2 /* Release */ = {
			isa = XCBuildConfiguration;
			buildSettings = {
				ARCHS = "$(ARCHS_STANDARD_32_64_BIT)";
				GCC_PREFIX_HEADER = Plugin/Flashless_Prefix.pch;
				INFOPLIST_FILE = Plugin/Info.plist;
				PRODUCT_VERSION = 2.0.7;
			};
			name = Release;
		};
		C027D11E08A954E7001699E2 /* Debug */ = {
			isa = XCBuildConfiguration;
			buildSettings = {
				ARCHS = "$(ARCHS_STANDARD_32_BIT)";
				GCC_C_LANGUAGE_STANDARD = c99;
				GCC_PRECOMPILE_PREFIX_HEADER = YES;
				GCC_PREFIX_HEADER = Flashless_Prefix.pch;
				INFOPLIST_FILE = Info.plist;
				INSTALL_PATH = "$(HOME)/Library/Internet Plug-Ins";
				ONLY_ACTIVE_ARCH = YES;
				PRODUCT_NAME = Flashless;
				SDKROOT = macosx10.5;
				WARNING_CFLAGS = "-Wall";
				WRAPPER_EXTENSION = webplugin;
			};
			name = Debug;
		};
		C027D11F08A954E7001699E2 /* Release */ = {
			isa = XCBuildConfiguration;
			buildSettings = {
				ARCHS = "$(ARCHS_STANDARD_32_BIT)";
				DEBUG_INFORMATION_FORMAT = "dwarf-with-dsym";
				GCC_C_LANGUAGE_STANDARD = c99;
				GCC_PRECOMPILE_PREFIX_HEADER = YES;
				GCC_PREFIX_HEADER = Flashless_Prefix.pch;
				INFOPLIST_FILE = Info.plist;
				INSTALL_PATH = "$(HOME)/Library/Internet Plug-Ins";
				PRODUCT_NAME = Flashless;
				SDKROOT = macosx10.5;
				WARNING_CFLAGS = "-Wall";
				WRAPPER_EXTENSION = webplugin;
			};
			name = Release;
		};
/* End XCBuildConfiguration section */

/* Begin XCConfigurationList section */
		BF344CD60FF13C26003F125D /* Build configuration list for PBXNativeTarget "FlashTest" */ = {
			isa = XCConfigurationList;
			buildConfigurations = (
				BF344CD40FF13C25003F125D /* Debug */,
				BF344CD50FF13C25003F125D /* Release */,
			);
			defaultConfigurationIsVisible = 0;
			defaultConfigurationName = Release;
		};
		BFF811C010526A9B003B72D3 /* Build configuration list for PBXAggregateTarget "Disk Image" */ = {
			isa = XCConfigurationList;
			buildConfigurations = (
				BFF811BE10526A9B003B72D3 /* Debug */,
				BFF811BF10526A9B003B72D3 /* Release */,
			);
			defaultConfigurationIsVisible = 0;
			defaultConfigurationName = Release;
		};
		C027D11908A954E7001699E2 /* Build configuration list for PBXNativeTarget "Flashless" */ = {
			isa = XCConfigurationList;
			buildConfigurations = (
				C027D11A08A954E7001699E2 /* Debug */,
				C027D11B08A954E7001699E2 /* Release */,
			);
			defaultConfigurationIsVisible = 0;
			defaultConfigurationName = Release;
		};
		C027D11D08A954E7001699E2 /* Build configuration list for PBXProject "Flashless" */ = {
			isa = XCConfigurationList;
			buildConfigurations = (
				C027D11E08A954E7001699E2 /* Debug */,
				C027D11F08A954E7001699E2 /* Release */,
			);
			defaultConfigurationIsVisible = 0;
			defaultConfigurationName = Release;
		};
/* End XCConfigurationList section */
	};
	rootObject = 0259C573FE90428111CA0C5A /* Project object */;
}
